
Microsoft Visual Studio Solution File, Format Version 12.00
# Visual Studio Version 17
VisualStudioVersion = 17.5.2.0
MinimumVisualStudioVersion = 10.0.40219.1
Project("{2150E333-8FDC-42A3-9474-1A3956D46DE8}") = "src", "src", "{827E0CD3-B72D-47B6-A68D-7590B98EB39B}"
EndProject
Project("{FAE04EC0-301F-11D3-BF4B-00C04F79EFBC}") = "CsRimeLua.Android", "proj\CsRimeLua.Android\CsRimeLua.Android.csproj", "{7BBB1C2A-B6B9-8D5E-E58E-604079A89780}"
EndProject
Project("{FAE04EC0-301F-11D3-BF4B-00C04F79EFBC}") = "CsRimeLua.Core", "proj\CsRimeLua.Core\CsRimeLua.Core.csproj", "{EB99C201-47E6-7AD9-7D53-4C9BDE7A70A5}"
EndProject
Project("{FAE04EC0-301F-11D3-BF4B-00C04F79EFBC}") = "CsRimeLua.Windows", "proj\CsRimeLua.Windows\CsRimeLua.Windows.csproj", "{AFAFDD2A-FF41-9404-6EC8-88B6CA3CAE09}"
EndProject
Project("{FAE04EC0-301F-11D3-BF4B-00C04F79EFBC}") = "CsShared", "proj\CsShared\CsShared.csproj", "{CEB5D494-2C0E-4A9B-9A92-D5BC85668F03}"
EndProject
Project("{FAE04EC0-301F-11D3-BF4B-00C04F79EFBC}") = "CsRimeLua.Exports", "proj\CsRimeLua.Exports\CsRimeLua.Exports.csproj", "{7A79B345-4CD3-40E9-AF91-60D657F14D92}"
EndProject
Global
	GlobalSection(SolutionConfigurationPlatforms) = preSolution
		Debug|Any CPU = Debug|Any CPU
		Debug|x64 = Debug|x64
		Debug|x86 = Debug|x86
		Release|Any CPU = Release|Any CPU
		Release|x64 = Release|x64
		Release|x86 = Release|x86
	EndGlobalSection
	GlobalSection(ProjectConfigurationPlatforms) = postSolution
		{7BBB1C2A-B6B9-8D5E-E58E-604079A89780}.Debug|Any CPU.ActiveCfg = Debug|Any CPU
		{7BBB1C2A-B6B9-8D5E-E58E-604079A89780}.Debug|Any CPU.Build.0 = Debug|Any CPU
		{7BBB1C2A-B6B9-8D5E-E58E-604079A89780}.Debug|x64.ActiveCfg = Debug|Any CPU
		{7BBB1C2A-B6B9-8D5E-E58E-604079A89780}.Debug|x64.Build.0 = Debug|Any CPU
		{7BBB1C2A-B6B9-8D5E-E58E-604079A89780}.Debug|x86.ActiveCfg = Debug|Any CPU
		{7BBB1C2A-B6B9-8D5E-E58E-604079A89780}.Debug|x86.Build.0 = Debug|Any CPU
		{7BBB1C2A-B6B9-8D5E-E58E-604079A89780}.Release|Any CPU.ActiveCfg = Release|Any CPU
		{7BBB1C2A-B6B9-8D5E-E58E-604079A89780}.Release|Any CPU.Build.0 = Release|Any CPU
		{7BBB1C2A-B6B9-8D5E-E58E-604079A89780}.Release|x64.ActiveCfg = Release|Any CPU
		{7BBB1C2A-B6B9-8D5E-E58E-604079A89780}.Release|x64.Build.0 = Release|Any CPU
		{7BBB1C2A-B6B9-8D5E-E58E-604079A89780}.Release|x86.ActiveCfg = Release|Any CPU
		{7BBB1C2A-B6B9-8D5E-E58E-604079A89780}.Release|x86.Build.0 = Release|Any CPU
		{EB99C201-47E6-7AD9-7D53-4C9BDE7A70A5}.Debug|Any CPU.ActiveCfg = Debug|Any CPU
		{EB99C201-47E6-7AD9-7D53-4C9BDE7A70A5}.Debug|Any CPU.Build.0 = Debug|Any CPU
		{EB99C201-47E6-7AD9-7D53-4C9BDE7A70A5}.Debug|x64.ActiveCfg = Debug|Any CPU
		{EB99C201-47E6-7AD9-7D53-4C9BDE7A70A5}.Debug|x64.Build.0 = Debug|Any CPU
		{EB99C201-47E6-7AD9-7D53-4C9BDE7A70A5}.Debug|x86.ActiveCfg = Debug|Any CPU
		{EB99C201-47E6-7AD9-7D53-4C9BDE7A70A5}.Debug|x86.Build.0 = Debug|Any CPU
		{EB99C201-47E6-7AD9-7D53-4C9BDE7A70A5}.Release|Any CPU.ActiveCfg = Release|Any CPU
		{EB99C201-47E6-7AD9-7D53-4C9BDE7A70A5}.Release|Any CPU.Build.0 = Release|Any CPU
		{EB99C201-47E6-7AD9-7D53-4C9BDE7A70A5}.Release|x64.ActiveCfg = Release|Any CPU
		{EB99C201-47E6-7AD9-7D53-4C9BDE7A70A5}.Release|x64.Build.0 = Release|Any CPU
		{EB99C201-47E6-7AD9-7D53-4C9BDE7A70A5}.Release|x86.ActiveCfg = Release|Any CPU
		{EB99C201-47E6-7AD9-7D53-4C9BDE7A70A5}.Release|x86.Build.0 = Release|Any CPU
		{AFAFDD2A-FF41-9404-6EC8-88B6CA3CAE09}.Debug|Any CPU.ActiveCfg = Debug|Any CPU
		{AFAFDD2A-FF41-9404-6EC8-88B6CA3CAE09}.Debug|Any CPU.Build.0 = Debug|Any CPU
		{AFAFDD2A-FF41-9404-6EC8-88B6CA3CAE09}.Debug|x64.ActiveCfg = Debug|Any CPU
		{AFAFDD2A-FF41-9404-6EC8-88B6CA3CAE09}.Debug|x64.Build.0 = Debug|Any CPU
		{AFAFDD2A-FF41-9404-6EC8-88B6CA3CAE09}.Debug|x86.ActiveCfg = Debug|Any CPU
		{AFAFDD2A-FF41-9404-6EC8-88B6CA3CAE09}.Debug|x86.Build.0 = Debug|Any CPU
		{AFAFDD2A-FF41-9404-6EC8-88B6CA3CAE09}.Release|Any CPU.ActiveCfg = Release|Any CPU
		{AFAFDD2A-FF41-9404-6EC8-88B6CA3CAE09}.Release|Any CPU.Build.0 = Release|Any CPU
		{AFAFDD2A-FF41-9404-6EC8-88B6CA3CAE09}.Release|x64.ActiveCfg = Release|Any CPU
		{AFAFDD2A-FF41-9404-6EC8-88B6CA3CAE09}.Release|x64.Build.0 = Release|Any CPU
		{AFAFDD2A-FF41-9404-6EC8-88B6CA3CAE09}.Release|x86.ActiveCfg = Release|Any CPU
		{AFAFDD2A-FF41-9404-6EC8-88B6CA3CAE09}.Release|x86.Build.0 = Release|Any CPU
		{CEB5D494-2C0E-4A9B-9A92-D5BC85668F03}.Debug|Any CPU.ActiveCfg = Debug|Any CPU
		{CEB5D494-2C0E-4A9B-9A92-D5BC85668F03}.Debug|Any CPU.Build.0 = Debug|Any CPU
		{CEB5D494-2C0E-4A9B-9A92-D5BC85668F03}.Debug|x64.ActiveCfg = Debug|Any CPU
		{CEB5D494-2C0E-4A9B-9A92-D5BC85668F03}.Debug|x64.Build.0 = Debug|Any CPU
		{CEB5D494-2C0E-4A9B-9A92-D5BC85668F03}.Debug|x86.ActiveCfg = Debug|Any CPU
		{CEB5D494-2C0E-4A9B-9A92-D5BC85668F03}.Debug|x86.Build.0 = Debug|Any CPU
		{CEB5D494-2C0E-4A9B-9A92-D5BC85668F03}.Release|Any CPU.ActiveCfg = Release|Any CPU
		{CEB5D494-2C0E-4A9B-9A92-D5BC85668F03}.Release|Any CPU.Build.0 = Release|Any CPU
		{CEB5D494-2C0E-4A9B-9A92-D5BC85668F03}.Release|x64.ActiveCfg = Release|Any CPU
		{CEB5D494-2C0E-4A9B-9A92-D5BC85668F03}.Release|x64.Build.0 = Release|Any CPU
		{CEB5D494-2C0E-4A9B-9A92-D5BC85668F03}.Release|x86.ActiveCfg = Release|Any CPU
		{CEB5D494-2C0E-4A9B-9A92-D5BC85668F03}.Release|x86.Build.0 = Release|Any CPU
		{7A79B345-4CD3-40E9-AF91-60D657F14D92}.Debug|Any CPU.ActiveCfg = Debug|Any CPU
		{7A79B345-4CD3-40E9-AF91-60D657F14D92}.Debug|Any CPU.Build.0 = Debug|Any CPU
		{7A79B345-4CD3-40E9-AF91-60D657F14D92}.Debug|x64.ActiveCfg = Debug|Any CPU
		{7A79B345-4CD3-40E9-AF91-60D657F14D92}.Debug|x64.Build.0 = Debug|Any CPU
		{7A79B345-4CD3-40E9-AF91-60D657F14D92}.Debug|x86.ActiveCfg = Debug|Any CPU
		{7A79B345-4CD3-40E9-AF91-60D657F14D92}.Debug|x86.Build.0 = Debug|Any CPU
		{7A79B345-4CD3-40E9-AF91-60D657F14D92}.Release|Any CPU.ActiveCfg = Release|Any CPU
		{7A79B345-4CD3-40E9-AF91-60D657F14D92}.Release|Any CPU.Build.0 = Release|Any CPU
		{7A79B345-4CD3-40E9-AF91-60D657F14D92}.Release|x64.ActiveCfg = Release|Any CPU
		{7A79B345-4CD3-40E9-AF91-60D657F14D92}.Release|x64.Build.0 = Release|Any CPU
		{7A79B345-4CD3-40E9-AF91-60D657F14D92}.Release|x86.ActiveCfg = Release|Any CPU
		{7A79B345-4CD3-40E9-AF91-60D657F14D92}.Release|x86.Build.0 = Release|Any CPU
	EndGlobalSection
	GlobalSection(SolutionProperties) = preSolution
		HideSolutionNode = FALSE
	EndGlobalSection
	GlobalSection(NestedProjects) = preSolution
		{7BBB1C2A-B6B9-8D5E-E58E-604079A89780} = {827E0CD3-B72D-47B6-A68D-7590B98EB39B}
		{EB99C201-47E6-7AD9-7D53-4C9BDE7A70A5} = {827E0CD3-B72D-47B6-A68D-7590B98EB39B}
		{AFAFDD2A-FF41-9404-6EC8-88B6CA3CAE09} = {827E0CD3-B72D-47B6-A68D-7590B98EB39B}
		{CEB5D494-2C0E-4A9B-9A92-D5BC85668F03} = {827E0CD3-B72D-47B6-A68D-7590B98EB39B}
		{7A79B345-4CD3-40E9-AF91-60D657F14D92} = {827E0CD3-B72D-47B6-A68D-7590B98EB39B}
	EndGlobalSection
	GlobalSection(ExtensibilityGlobals) = postSolution
		SolutionGuid = {6301ED26-FDB4-48AD-89C8-9FE847B9C644}
	EndGlobalSection
EndGlobal
